# This file is automatically @generated by Cargo.
# It is not intended for manual editing.
version = 3

[[package]]
name = "gensym"
version = "0.1.0"
dependencies = [
 "unicode-normalization-alignments",
]

[[package]]
name = "smallvec"
version = "1.10.0"
source = "registry+https://github.com/rust-lang/crates.io-index"
checksum = "a507befe795404456341dfab10cef66ead4c041f62b8b11bbb92bffe5d0953e0"

[[package]]
name = "unicode-normalization-alignments"
version = "0.1.12"
source = "registry+https://github.com/rust-lang/crates.io-index"
checksum = "43f613e4fa046e69818dd287fdc4bc78175ff20331479dab6e1b0f98d57062de"
dependencies = [
 "smallvec",
]
